
Microsoft Visual Studio Solution File, Format Version 12.00
# Visual Studio Version 17
VisualStudioVersion = 17.9.34701.34
MinimumVisualStudioVersion = 10.0.40219.1
Project("{FAE04EC0-301F-11D3-BF4B-00C04F79EFBC}") = "GrowerTech-MVC", "GrowerTech-MVC.csproj", "{DCCC7DC8-F022-4B95-BCBF-B78F61A753B4}"
EndProject
Global
	GlobalSection(SolutionConfigurationPlatforms) = preSolution
		Debug|Any CPU = Debug|Any CPU
		Release|Any CPU = Release|Any CPU
	EndGlobalSection
	GlobalSection(ProjectConfigurationPlatforms) = postSolution
		{DCCC7DC8-F022-4B95-BCBF-B78F61A753B4}.Debug|Any CPU.ActiveCfg = Debug|Any CPU
		{DCCC7DC8-F022-4B95-BCBF-B78F61A753B4}.Debug|Any CPU.Build.0 = Debug|Any CPU
		{DCCC7DC8-F022-4B95-BCBF-B78F61A753B4}.Release|Any CPU.ActiveCfg = Release|Any CPU
		{DCCC7DC8-F022-4B95-BCBF-B78F61A753B4}.Release|Any CPU.Build.0 = Release|Any CPU
	EndGlobalSection
	GlobalSection(SolutionProperties) = preSolution
		HideSolutionNode = FALSE
	EndGlobalSection
	GlobalSection(ExtensibilityGlobals) = postSolution
		SolutionGuid = {061B85EF-B3FA-4C8F-A9D1-923151DEA393}
	EndGlobalSection
EndGlobal
